// !$*UTF8*$!
{
	archiveVersion = 1;
	classes = {
	};
	objectVersion = 46;
	objects = {

/* Begin PBXBuildFile section */
		322FDCB21A745989001757BA /* FactBook.swift in Sources */ = {isa = PBXBuildFile; fileRef = 322FDCB11A745989001757BA /* FactBook.swift */; };
		327AFCB81A73FD0100577DA2 /* AppDelegate.swift in Sources */ = {isa = PBXBuildFile; fileRef = 327AFCB71A73FD0100577DA2 /* AppDelegate.swift */; };
		327AFCBA1A73FD0100577DA2 /* ViewController.swift in Sources */ = {isa = PBXBuildFile; fileRef = 327AFCB91A73FD0100577DA2 /* ViewController.swift */; };
		327AFCBD1A73FD0100577DA2 /* Main.storyboard in Resources */ = {isa = PBXBuildFile; fileRef = 327AFCBB1A73FD0100577DA2 /* Main.storyboard */; };
		327AFCBF1A73FD0100577DA2 /* Images.xcassets in Resources */ = {isa = PBXBuildFile; fileRef = 327AFCBE1A73FD0100577DA2 /* Images.xcassets */; };
		327AFCC21A73FD0100577DA2 /* LaunchScreen.xib in Resources */ = {isa = PBXBuildFile; fileRef = 327AFCC01A73FD0100577DA2 /* LaunchScreen.xib */; };
		327AFCCE1A73FD0100577DA2 /* FunnyFactsTests.swift in Sources */ = {isa = PBXBuildFile; fileRef = 327AFCCD1A73FD0100577DA2 /* FunnyFactsTests.swift */; };
		32AC1AF91A7AA75A0032AAB1 /* ColorWheel.swift in Sources */ = {isa = PBXBuildFile; fileRef = 32AC1AF81A7AA75A0032AAB1 /* ColorWheel.swift */; };
/* End PBXBuildFile section */

/* Begin PBXContainerItemProxy section */
		327AFCC81A73FD0100577DA2 /* PBXContainerItemProxy */ = {
			isa = PBXContainerItemProxy;
			containerPortal = 327AFCAA1A73FD0100577DA2 /* Project object */;
			proxyType = 1;
			remoteGlobalIDString = 327AFCB11A73FD0100577DA2;
			remoteInfo = FunnyFacts;
		};
/* End PBXContainerItemProxy section */

/* Begin PBXFileReference section */
		322FDCB11A745989001757BA /* FactBook.swift */ = {isa = PBXFileReference; fileEncoding = 4; lastKnownFileType = sourcecode.swift; path = FactBook.swift; sourceTree = "<group>"; };
		327AFCB21A73FD0100577DA2 /* FunnyFacts.app */ = {isa = PBXFileReference; explicitFileType = wrapper.application; includeInIndex = 0; path = FunnyFacts.app; sourceTree = BUILT_PRODUCTS_DIR; };
		327AFCB61A73FD0100577DA2 /* Info.plist */ = {isa = PBXFileReference; lastKnownFileType = text.plist.xml; path = Info.plist; sourceTree = "<group>"; };
		327AFCB71A73FD0100577DA2 /* AppDelegate.swift */ = {isa = PBXFileReference; lastKnownFileType = sourcecode.swift; path = AppDelegate.swift; sourceTree = "<group>"; };
		327AFCB91A73FD0100577DA2 /* ViewController.swift */ = {isa = PBXFileReference; lastKnownFileType = sourcecode.swift; path = ViewController.swift; sourceTree = "<group>"; };
		327AFCBC1A73FD0100577DA2 /* Base */ = {isa = PBXFileReference; lastKnownFileType = file.storyboard; name = Base; path = Base.lproj/Main.storyboard; sourceTree = "<group>"; };
		327AFCBE1A73FD0100577DA2 /* Images.xcassets */ = {isa = PBXFileReference; lastKnownFileType = folder.assetcatalog; path = Images.xcassets; sourceTree = "<group>"; };
		327AFCC11A73FD0100577DA2 /* Base */ = {isa = PBXFileReference; lastKnownFileType = file.xib; name = Base; path = Base.lproj/LaunchScreen.xib; sourceTree = "<group>"; };
		327AFCC71A73FD0100577DA2 /* FunnyFactsTests.xctest */ = {isa = PBXFileReference; explicitFileType = wrapper.cfbundle; includeInIndex = 0; path = FunnyFactsTests.xctest; sourceTree = BUILT_PRODUCTS_DIR; };
		327AFCCC1A73FD0100577DA2 /* Info.plist */ = {isa = PBXFileReference; lastKnownFileType = text.plist.xml; path = Info.plist; sourceTree = "<group>"; };
		327AFCCD1A73FD0100577DA2 /* FunnyFactsTests.swift */ = {isa = PBXFileReference; lastKnownFileType = sourcecode.swift; path = FunnyFactsTests.swift; sourceTree = "<group>"; };
		32AC1AF81A7AA75A0032AAB1 /* ColorWheel.swift */ = {isa = PBXFileReference; fileEncoding = 4; lastKnownFileType = sourcecode.swift; path = ColorWheel.swift; sourceTree = "<group>"; };
/* End PBXFileReference section */

/* Begin PBXFrameworksBuildPhase section */
		327AFCAF1A73FD0100577DA2 /* Frameworks */ = {
			isa = PBXFrameworksBuildPhase;
			buildActionMask = 2147483647;
			files = (
			);
			runOnlyForDeploymentPostprocessing = 0;
		};
		327AFCC41A73FD0100577DA2 /* Frameworks */ = {
			isa = PBXFrameworksBuildPhase;
			buildActionMask = 2147483647;
			files = (
			);
			runOnlyForDeploymentPostprocessing = 0;
		};
/* End PBXFrameworksBuildPhase section */

/* Begin PBXGroup section */
		327AFCA91A73FD0100577DA2 = {
			isa = PBXGroup;
			children = (
				327AFCB41A73FD0100577DA2 /* FunnyFacts */,
				327AFCCA1A73FD0100577DA2 /* FunnyFactsTests */,
				327AFCB31A73FD0100577DA2 /* Products */,
			);
			sourceTree = "<group>";
		};
		327AFCB31A73FD0100577DA2 /* Products */ = {
			isa = PBXGroup;
			children = (
				327AFCB21A73FD0100577DA2 /* FunnyFacts.app */,
				327AFCC71A73FD0100577DA2 /* FunnyFactsTests.xctest */,
			);
			name = Products;
			sourceTree = "<group>";
		};
		327AFCB41A73FD0100577DA2 /* FunnyFacts */ = {
			isa = PBXGroup;
			children = (
				327AFCB71A73FD0100577DA2 /* AppDelegate.swift */,
				322FDCB11A745989001757BA /* FactBook.swift */,
				327AFCB91A73FD0100577DA2 /* ViewController.swift */,
				327AFCBB1A73FD0100577DA2 /* Main.storyboard */,
				32AC1AF81A7AA75A0032AAB1 /* ColorWheel.swift */,
				327AFCBE1A73FD0100577DA2 /* Images.xcassets */,
				327AFCC01A73FD0100577DA2 /* LaunchScreen.xib */,
				327AFCB51A73FD0100577DA2 /* Supporting Files */,
			);
			path = FunnyFacts;
			sourceTree = "<group>";
		};
		327AFCB51A73FD0100577DA2 /* Supporting Files */ = {
			isa = PBXGroup;
			children = (
				327AFCB61A73FD0100577DA2 /* Info.plist */,
			);
			name = "Supporting Files";
			sourceTree = "<group>";
		};
		327AFCCA1A73FD0100577DA2 /* FunnyFactsTests */ = {
			isa = PBXGroup;
			children = (
				327AFCCD1A73FD0100577DA2 /* FunnyFactsTests.swift */,
				327AFCCB1A73FD0100577DA2 /* Supporting Files */,
			);
			path = FunnyFactsTests;
			sourceTree = "<group>";
		};
		327AFCCB1A73FD0100577DA2 /* Supporting Files */ = {
			isa = PBXGroup;
			children = (
				327AFCCC1A73FD0100577DA2 /* Info.plist */,
			);
			name = "Supporting Files";
			sourceTree = "<group>";
		};
/* End PBXGroup section */

/* Begin PBXNativeTarget section */
		327AFCB11A73FD0100577DA2 /* FunnyFacts */ = {
			isa = PBXNativeTarget;
			buildConfigurationList = 327AFCD11A73FD0100577DA2 /* Build configuration list for PBXNativeTarget "FunnyFacts" */;
			buildPhases = (
				327AFCAE1A73FD0100577DA2 /* Sources */,
				327AFCAF1A73FD0100577DA2 /* Frameworks */,
				327AFCB01A73FD0100577DA2 /* Resources */,
			);
			buildRules = (
			);
			dependencies = (
			);
			name = FunnyFacts;
			productName = FunnyFacts;
			productReference = 327AFCB21A73FD0100577DA2 /* FunnyFacts.app */;
			productType = "com.apple.product-type.application";
		};
		327AFCC61A73FD0100577DA2 /* FunnyFactsTests */ = {
			isa = PBXNativeTarget;
			buildConfigurationList = 327AFCD41A73FD0100577DA2 /* Build configuration list for PBXNativeTarget "FunnyFactsTests" */;
			buildPhases = (
				327AFCC31A73FD0100577DA2 /* Sources */,
				327AFCC41A73FD0100577DA2 /* Frameworks */,
				327AFCC51A73FD0100577DA2 /* Resources */,
			);
			buildRules = (
			);
			dependencies = (
				327AFCC91A73FD0100577DA2 /* PBXTargetDependency */,
			);
			name = FunnyFactsTests;
			productName = FunnyFactsTests;
			productReference = 327AFCC71A73FD0100577DA2 /* FunnyFactsTests.xctest */;
			productType = "com.apple.product-type.bundle.unit-test";
		};
/* End PBXNativeTarget section */

/* Begin PBXProject section */
		327AFCAA1A73FD0100577DA2 /* Project object */ = {
			isa = PBXProject;
			attributes = {
				LastUpgradeCheck = 0620;
				ORGANIZATIONNAME = CodeSling;
				TargetAttributes = {
					327AFCB11A73FD0100577DA2 = {
						CreatedOnToolsVersion = 6.2;
					};
					327AFCC61A73FD0100577DA2 = {
						CreatedOnToolsVersion = 6.2;
						TestTargetID = 327AFCB11A73FD0100577DA2;
					};
				};
			};
			buildConfigurationList = 327AFCAD1A73FD0100577DA2 /* Build configuration list for PBXProject "FunnyFacts" */;
			compatibilityVersion = "Xcode 3.2";
			developmentRegion = English;
			hasScannedForEncodings = 0;
			knownRegions = (
				en,
				Base,
			);
			mainGroup = 327AFCA91A73FD0100577DA2;
			productRefGroup = 327AFCB31A73FD0100577DA2 /* Products */;
			projectDirPath = "";
			projectRoot = "";
			targets = (
				327AFCB11A73FD0100577DA2 /* FunnyFacts */,
				327AFCC61A73FD0100577DA2 /* FunnyFactsTests */,
			);
		};
/* End PBXProject section */

/* Begin PBXResourcesBuildPhase section */
		327AFCB01A73FD0100577DA2 /* Resources */ = {
			isa = PBXResourcesBuildPhase;
			buildActionMask = 2147483647;
			files = (
				327AFCBD1A73FD0100577DA2 /* Main.storyboard in Resources */,
				327AFCC21A73FD0100577DA2 /* LaunchScreen.xib in Resources */,
				327AFCBF1A73FD0100577DA2 /* Images.xcassets in Resources */,
			);
			runOnlyForDeploymentPostprocessing = 0;
		};
		327AFCC51A73FD0100577DA2 /* Resources */ = {
			isa = PBXResourcesBuildPhase;
			buildActionMask = 2147483647;
			files = (
			);
			runOnlyForDeploymentPostprocessing = 0;
		};
/* End PBXResourcesBuildPhase section */

/* Begin PBXSourcesBuildPhase section */
		327AFCAE1A73FD0100577DA2 /* Sources */ = {
			isa = PBXSourcesBuildPhase;
			buildActionMask = 2147483647;
			files = (
				322FDCB21A745989001757BA /* FactBook.swift in Sources */,
				327AFCBA1A73FD0100577DA2 /* ViewController.swift in Sources */,
				327AFCB81A73FD0100577DA2 /* AppDelegate.swift in Sources */,
				32AC1AF91A7AA75A0032AAB1 /* ColorWheel.swift in Sources */,
			);
			runOnlyForDeploymentPostprocessing = 0;
		};
		327AFCC31A73FD0100577DA2 /* Sources */ = {
			isa = PBXSourcesBuildPhase;
			buildActionMask = 2147483647;
			files = (
				327AFCCE1A73FD0100577DA2 /* FunnyFactsTests.swift in Sources */,
			);
			runOnlyForDeploymentPostprocessing = 0;
		};
/* End PBXSourcesBuildPhase section */

/* Begin PBXTargetDependency section */
		327AFCC91A73FD0100577DA2 /* PBXTargetDependency */ = {
			isa = PBXTargetDependency;
			target = 327AFCB11A73FD0100577DA2 /* FunnyFacts */;
			targetProxy = 327AFCC81A73FD0100577DA2 /* PBXContainerItemProxy */;
		};
/* End PBXTargetDependency section */

/* Begin PBXVariantGroup section */
		327AFCBB1A73FD0100577DA2 /* Main.storyboard */ = {
			isa = PBXVariantGroup;
			children = (
				327AFCBC1A73FD0100577DA2 /* Base */,
			);
			name = Main.storyboard;
			sourceTree = "<group>";
		};
		327AFCC01A73FD0100577DA2 /* LaunchScreen.xib */ = {
			isa = PBXVariantGroup;
			children = (
				327AFCC11A73FD0100577DA2 /* Base */,
			);
			name = LaunchScreen.xib;
			sourceTree = "<group>";
		};
/* End PBXVariantGroup section */

/* Begin XCBuildConfiguration section */
		327AFCCF1A73FD0100577DA2 /* Debug */ = {
			isa = XCBuildConfiguration;
			buildSettings = {
				ALWAYS_SEARCH_USER_PATHS = NO;
				CLANG_CXX_LANGUAGE_STANDARD = "gnu++0x";
				CLANG_CXX_LIBRARY = "libc++";
				CLANG_ENABLE_MODULES = YES;
				CLANG_ENABLE_OBJC_ARC = YES;
				CLANG_WARN_BOOL_CONVERSION = YES;
				CLANG_WARN_CONSTANT_CONVERSION = YES;
				CLANG_WARN_DIRECT_OBJC_ISA_USAGE = YES_ERROR;
				CLANG_WARN_EMPTY_BODY = YES;
				CLANG_WARN_ENUM_CONVERSION = YES;
				CLANG_WARN_INT_CONVERSION = YES;
				CLANG_WARN_OBJC_ROOT_CLASS = YES_ERROR;
				CLANG_WARN_UNREACHABLE_CODE = YES;
				CLANG_WARN__DUPLICATE_METHOD_MATCH = YES;
				"CODE_SIGN_IDENTITY[sdk=iphoneos*]" = "iPhone Developer";
				COPY_PHASE_STRIP = NO;
				ENABLE_STRICT_OBJC_MSGSEND = YES;
				GCC_C_LANGUAGE_STANDARD = gnu99;
				GCC_DYNAMIC_NO_PIC = NO;
				GCC_OPTIMIZATION_LEVEL = 0;
				GCC_PREPROCESSOR_DEFINITIONS = (
					"DEBUG=1",
					"$(inherited)",
				);
				GCC_SYMBOLS_PRIVATE_EXTERN = NO;
				GCC_WARN_64_TO_32_BIT_CONVERSION = YES;
				GCC_WARN_ABOUT_RETURN_TYPE = YES_ERROR;
				GCC_WARN_UNDECLARED_SELECTOR = YES;
				GCC_WARN_UNINITIALIZED_AUTOS = YES_AGGRESSIVE;
				GCC_WARN_UNUSED_FUNCTION = YES;
				GCC_WARN_UNUSED_VARIABLE = YES;
				IPHONEOS_DEPLOYMENT_TARGET = 8.2;
				MTL_ENABLE_DEBUG_INFO = YES;
				ONLY_ACTIVE_ARCH = YES;
				SDKROOT = iphoneos;
				SWIFT_OPTIMIZATION_LEVEL = "-Onone";
			};
			name = Debug;
		};
		327AFCD01A73FD0100577DA2 /* Release */ = {
			isa = XCBuildConfiguration;
			buildSettings = {
				ALWAYS_SEARCH_USER_PATHS = NO;
				CLANG_CXX_LANGUAGE_STANDARD = "gnu++0x";
				CLANG_CXX_LIBRARY = "libc++";
				CLANG_ENABLE_MODULES = YES;
				CLANG_ENABLE_OBJC_ARC = YES;
				CLANG_WARN_BOOL_CONVERSION = YES;
				CLANG_WARN_CONSTANT_CONVERSION = YES;
				CLANG_WARN_DIRECT_OBJC_ISA_USAGE = YES_ERROR;
				CLANG_WARN_EMPTY_BODY = YES;
				CLANG_WARN_ENUM_CONVERSION = YES;
				CLANG_WARN_INT_CONVERSION = YES;
				CLANG_WARN_OBJC_ROOT_CLASS = YES_ERROR;
				CLANG_WARN_UNREACHABLE_CODE = YES;
				CLANG_WARN__DUPLICATE_METHOD_MATCH = YES;
				"CODE_SIGN_IDENTITY[sdk=iphoneos*]" = "iPhone Developer";
				COPY_PHASE_STRIP = NO;
				ENABLE_NS_ASSERTIONS = NO;
				ENABLE_STRICT_OBJC_MSGSEND = YES;
				GCC_C_LANGUAGE_STANDARD = gnu99;
				GCC_WARN_64_TO_32_BIT_CONVERSION = YES;
				GCC_WARN_ABOUT_RETURN_TYPE = YES_ERROR;
				GCC_WARN_UNDECLARED_SELECTOR = YES;
				GCC_WARN_UNINITIALIZED_AUTOS = YES_AGGRESSIVE;
				GCC_WARN_UNUSED_FUNCTION = YES;
				GCC_WARN_UNUSED_VARIABLE = YES;
				IPHONEOS_DEPLOYMENT_TARGET = 8.2;
				MTL_ENABLE_DEBUG_INFO = NO;
				SDKROOT = iphoneos;
				VALIDATE_PRODUCT = YES;
			};
			name = Release;
		};
		327AFCD21A73FD0100577DA2 /* Debug */ = {
			isa = XCBuildConfiguration;
			buildSettings = {
				ASSETCATALOG_COMPILER_APPICON_NAME = AppIcon;
				INFOPLIST_FILE = FunnyFacts/Info.plist;
				LD_RUNPATH_SEARCH_PATHS = "$(inherited) @executable_path/Frameworks";
				PRODUCT_NAME = "$(TARGET_NAME)";
			};
			name = Debug;
		};
		327AFCD31A73FD0100577DA2 /* Release */ = {
			isa = XCBuildConfiguration;
			buildSettings = {
				ASSETCATALOG_COMPILER_APPICON_NAME = AppIcon;
				INFOPLIST_FILE = FunnyFacts/Info.plist;
				LD_RUNPATH_SEARCH_PATHS = "$(inherited) @executable_path/Frameworks";
				PRODUCT_NAME = "$(TARGET_NAME)";
			};
			name = Release;
		};
		327AFCD51A73FD0100577DA2 /* Debug */ = {
			isa = XCBuildConfiguration;
			buildSettings = {
				BUNDLE_LOADER = "$(TEST_HOST)";
				FRAMEWORK_SEARCH_PATHS = (
					"$(SDKROOT)/Developer/Library/Frameworks",
					"$(inherited)",
				);
				GCC_PREPROCESSOR_DEFINITIONS = (
					"DEBUG=1",
					"$(inherited)",
				);
				INFOPLIST_FILE = FunnyFactsTests/Info.plist;
				LD_RUNPATH_SEARCH_PATHS = "$(inherited) @executable_path/Frameworks @loader_path/Frameworks";
				PRODUCT_NAME = "$(TARGET_NAME)";
				TEST_HOST = "$(BUILT_PRODUCTS_DIR)/FunnyFacts.app/FunnyFacts";
			};
			name = Debug;
		};
		327AFCD61A73FD0100577DA2 /* Release */ = {
			isa = XCBuildConfiguration;
			buildSettings = {
				BUNDLE_LOADER = "$(TEST_HOST)";
				FRAMEWORK_SEARCH_PATHS = (
					"$(SDKROOT)/Developer/Library/Frameworks",
					"$(inherited)",
				);
				INFOPLIST_FILE = FunnyFactsTests/Info.plist;
				LD_RUNPATH_SEARCH_PATHS = "$(inherited) @executable_path/Frameworks @loader_path/Frameworks";
				PRODUCT_NAME = "$(TARGET_NAME)";
				TEST_HOST = "$(BUILT_PRODUCTS_DIR)/FunnyFacts.app/FunnyFacts";
			};
			name = Release;
		};
/* End XCBuildConfiguration section */

/* Begin XCConfigurationList section */
		327AFCAD1A73FD0100577DA2 /* Build configuration list for PBXProject "FunnyFacts" */ = {
			isa = XCConfigurationList;
			buildConfigurations = (
				327AFCCF1A73FD0100577DA2 /* Debug */,
				327AFCD01A73FD0100577DA2 /* Release */,
			);
			defaultConfigurationIsVisible = 0;
			defaultConfigurationName = Release;
		};
		327AFCD11A73FD0100577DA2 /* Build configuration list for PBXNativeTarget "FunnyFacts" */ = {
			isa = XCConfigurationList;
			buildConfigurations = (
				327AFCD21A73FD0100577DA2 /* Debug */,
				327AFCD31A73FD0100577DA2 /* Release */,
			);
			defaultConfigurationIsVisible = 0;
			defaultConfigurationName = Release;
		};
		327AFCD41A73FD0100577DA2 /* Build configuration list for PBXNativeTarget "FunnyFactsTests" */ = {
			isa = XCConfigurationList;
			buildConfigurations = (
				327AFCD51A73FD0100577DA2 /* Debug */,
				327AFCD61A73FD0100577DA2 /* Release */,
			);
			defaultConfigurationIsVisible = 0;
			defaultConfigurationName = Release;
		};
/* End XCConfigurationList section */
	};
	rootObject = 327AFCAA1A73FD0100577DA2 /* Project object */;
}
